{
  "requires": true,
  "lockfileVersion": 1,
  "dependencies": {
    "babel-runtime": {
      "version": "6.26.0",
      "resolved": "https://registry.npm.taobao.org/babel-runtime/download/babel-runtime-6.26.0.tgz",
      "integrity": "sha1-llxwWGaOgrVde/4E/yM3vItWR/4=",
      "requires": {
        "core-js": "^2.4.0",
        "regenerator-runtime": "^0.11.0"
      }
    },
    "better-scroll": {
      "version": "1.12.6",
      "resolved": "https://registry.npm.taobao.org/better-scroll/download/better-scroll-1.12.6.tgz",
      "integrity": "sha1-dUiGD4uMCMh+WvBi4dpuLGjJgzc=",
      "requires": {
        "babel-runtime": "^6.0.0"
      }
    },
    "core-js": {
      "version": "2.6.11",
      "resolved": "https://registry.npm.taobao.org/core-js/download/core-js-2.6.11.tgz?cache=0&sync_timestamp=1578957006406&other_urls=https%3A%2F%2Fregistry.npm.taobao.org%2Fcore-js%2Fdownload%2Fcore-js-2.6.11.tgz",
      "integrity": "sha1-OIMUafmSK97Y7iHJ3EaYXgOZMIw="
    },
    "dom7": {
      "version": "2.1.3",
      "resolved": "https://registry.npm.taobao.org/dom7/download/dom7-2.1.3.tgz",
      "integrity": "sha1-pzb5w7+8TKA5qBzQlfl9HX894Zw=",
      "requires": {
        "ssr-window": "^1.0.1"
      }
    },
    "regenerator-runtime": {
      "version": "0.11.1",
      "resolved": "https://registry.npm.taobao.org/regenerator-runtime/download/regenerator-runtime-0.11.1.tgz?cache=0&sync_timestamp=1584052392667&other_urls=https%3A%2F%2Fregistry.npm.taobao.org%2Fregenerator-runtime%2Fdownload%2Fregenerator-runtime-0.11.1.tgz",
      "integrity": "sha1-vgWtf5v30i4Fb5cmzuUBf78Z4uk="
    },
    "ssr-window": {
      "version": "1.0.1",
      "resolved": "https://registry.npm.taobao.org/ssr-window/download/ssr-window-1.0.1.tgz",
      "integrity": "sha1-MHUqakZm53Z/C35qpvwv29DZs2k="
    },
    "vue-create-api": {
      "version": "0.2.3",
      "resolved": "https://registry.npm.taobao.org/vue-create-api/download/vue-create-api-0.2.3.tgz?cache=0&sync_timestamp=1575453898289&other_urls=https%3A%2F%2Fregistry.npm.taobao.org%2Fvue-create-api%2Fdownload%2Fvue-create-api-0.2.3.tgz",
      "integrity": "sha1-kgtOdjSc9q72kqb3Q7ltwJ6t5c0="
    }
  }
}
